// !$*UTF8*$!
{
	archiveVersion = 1;
	classes = {
	};
	objectVersion = 50;
	objects = {

/* Begin PBXBuildFile section */
		1B3193AA24BA67BE00C6C87D /* AppDelegate.swift in Sources */ = {isa = PBXBuildFile; fileRef = 1B3193A924BA67BE00C6C87D /* AppDelegate.swift */; };
		1B3193AE24BA67BE00C6C87D /* Actions.sks in Resources */ = {isa = PBXBuildFile; fileRef = 1B3193AD24BA67BE00C6C87D /* Actions.sks */; };
		1B3193B024BA67BE00C6C87D /* GameScene.swift in Sources */ = {isa = PBXBuildFile; fileRef = 1B3193AF24BA67BE00C6C87D /* GameScene.swift */; };
		1B3193B224BA67BE00C6C87D /* GameViewController.swift in Sources */ = {isa = PBXBuildFile; fileRef = 1B3193B124BA67BE00C6C87D /* GameViewController.swift */; };
		1B3193B524BA67BE00C6C87D /* Main.storyboard in Resources */ = {isa = PBXBuildFile; fileRef = 1B3193B324BA67BE00C6C87D /* Main.storyboard */; };
		1B3193B724BA67C100C6C87D /* Assets.xcassets in Resources */ = {isa = PBXBuildFile; fileRef = 1B3193B624BA67C100C6C87D /* Assets.xcassets */; };
		1B3193BA24BA67C100C6C87D /* LaunchScreen.storyboard in Resources */ = {isa = PBXBuildFile; fileRef = 1B3193B824BA67C100C6C87D /* LaunchScreen.storyboard */; };
		1B3193C524BA67C100C6C87D /* SweetCatchTests.swift in Sources */ = {isa = PBXBuildFile; fileRef = 1B3193C424BA67C100C6C87D /* SweetCatchTests.swift */; };
		1B3193D024BA67C100C6C87D /* SweetCatchUITests.swift in Sources */ = {isa = PBXBuildFile; fileRef = 1B3193CF24BA67C100C6C87D /* SweetCatchUITests.swift */; };
		1B3193DE24BB9FB900C6C87D /* GameScene.sks in Resources */ = {isa = PBXBuildFile; fileRef = 1B3193DD24BB9FB900C6C87D /* GameScene.sks */; };
		1B3193E624BCED2600C6C87D /* PhysicsCategory.swift in Sources */ = {isa = PBXBuildFile; fileRef = 1B3193E524BCED2600C6C87D /* PhysicsCategory.swift */; };
		1B3193E924BCF9C300C6C87D /* basketPop.mp3 in Resources */ = {isa = PBXBuildFile; fileRef = 1B3193E824BCF9C200C6C87D /* basketPop.mp3 */; };
		1B3193EB24BD43C100C6C87D /* GameOverScene.swift in Sources */ = {isa = PBXBuildFile; fileRef = 1B3193EA24BD43C100C6C87D /* GameOverScene.swift */; };
		1B3193EF24BD4D9200C6C87D /* badFruitSound.mp3 in Resources */ = {isa = PBXBuildFile; fileRef = 1B3193EE24BD4D9200C6C87D /* badFruitSound.mp3 */; };
		1B3193F124BD4F2200C6C87D /* backgroundMusic.mp3 in Resources */ = {isa = PBXBuildFile; fileRef = 1B3193F024BD4F2200C6C87D /* backgroundMusic.mp3 */; };
		1B3193F324BD6F7B00C6C87D /* gameOverSound.mp3 in Resources */ = {isa = PBXBuildFile; fileRef = 1B3193F224BD6F7B00C6C87D /* gameOverSound.mp3 */; };
		1B3193F724BE699500C6C87D /* ButtonNode.swift in Sources */ = {isa = PBXBuildFile; fileRef = 1B3193F624BE699500C6C87D /* ButtonNode.swift */; };
		1BA41A9D24C108CA003EAEA4 /* Fruit.swift in Sources */ = {isa = PBXBuildFile; fileRef = 1BA41A9C24C108C9003EAEA4 /* Fruit.swift */; };
/* End PBXBuildFile section */

/* Begin PBXContainerItemProxy section */
		1B3193C124BA67C100C6C87D /* PBXContainerItemProxy */ = {
			isa = PBXContainerItemProxy;
			containerPortal = 1B31939E24BA67BE00C6C87D /* Project object */;
			proxyType = 1;
			remoteGlobalIDString = 1B3193A524BA67BE00C6C87D;
			remoteInfo = SweetCatch;
		};
		1B3193CC24BA67C100C6C87D /* PBXContainerItemProxy */ = {
			isa = PBXContainerItemProxy;
			containerPortal = 1B31939E24BA67BE00C6C87D /* Project object */;
			proxyType = 1;
			remoteGlobalIDString = 1B3193A524BA67BE00C6C87D;
			remoteInfo = SweetCatch;
		};
/* End PBXContainerItemProxy section */

/* Begin PBXFileReference section */
		1B3193A624BA67BE00C6C87D /* SweetCatch.app */ = {isa = PBXFileReference; explicitFileType = wrapper.application; includeInIndex = 0; path = SweetCatch.app; sourceTree = BUILT_PRODUCTS_DIR; };
		1B3193A924BA67BE00C6C87D /* AppDelegate.swift */ = {isa = PBXFileReference; lastKnownFileType = sourcecode.swift; path = AppDelegate.swift; sourceTree = "<group>"; };
		1B3193AD24BA67BE00C6C87D /* Actions.sks */ = {isa = PBXFileReference; lastKnownFileType = file.sks; path = Actions.sks; sourceTree = "<group>"; };
		1B3193AF24BA67BE00C6C87D /* GameScene.swift */ = {isa = PBXFileReference; lastKnownFileType = sourcecode.swift; path = GameScene.swift; sourceTree = "<group>"; };
		1B3193B124BA67BE00C6C87D /* GameViewController.swift */ = {isa = PBXFileReference; lastKnownFileType = sourcecode.swift; path = GameViewController.swift; sourceTree = "<group>"; };
		1B3193B424BA67BE00C6C87D /* Base */ = {isa = PBXFileReference; lastKnownFileType = file.storyboard; name = Base; path = Base.lproj/Main.storyboard; sourceTree = "<group>"; };
		1B3193B624BA67C100C6C87D /* Assets.xcassets */ = {isa = PBXFileReference; lastKnownFileType = folder.assetcatalog; path = Assets.xcassets; sourceTree = "<group>"; };
		1B3193B924BA67C100C6C87D /* Base */ = {isa = PBXFileReference; lastKnownFileType = file.storyboard; name = Base; path = Base.lproj/LaunchScreen.storyboard; sourceTree = "<group>"; };
		1B3193BB24BA67C100C6C87D /* Info.plist */ = {isa = PBXFileReference; lastKnownFileType = text.plist.xml; path = Info.plist; sourceTree = "<group>"; };
		1B3193C024BA67C100C6C87D /* SweetCatchTests.xctest */ = {isa = PBXFileReference; explicitFileType = wrapper.cfbundle; includeInIndex = 0; path = SweetCatchTests.xctest; sourceTree = BUILT_PRODUCTS_DIR; };
		1B3193C424BA67C100C6C87D /* SweetCatchTests.swift */ = {isa = PBXFileReference; lastKnownFileType = sourcecode.swift; path = SweetCatchTests.swift; sourceTree = "<group>"; };
		1B3193C624BA67C100C6C87D /* Info.plist */ = {isa = PBXFileReference; lastKnownFileType = text.plist.xml; path = Info.plist; sourceTree = "<group>"; };
		1B3193CB24BA67C100C6C87D /* SweetCatchUITests.xctest */ = {isa = PBXFileReference; explicitFileType = wrapper.cfbundle; includeInIndex = 0; path = SweetCatchUITests.xctest; sourceTree = BUILT_PRODUCTS_DIR; };
		1B3193CF24BA67C100C6C87D /* SweetCatchUITests.swift */ = {isa = PBXFileReference; lastKnownFileType = sourcecode.swift; path = SweetCatchUITests.swift; sourceTree = "<group>"; };
		1B3193D124BA67C100C6C87D /* Info.plist */ = {isa = PBXFileReference; lastKnownFileType = text.plist.xml; path = Info.plist; sourceTree = "<group>"; };
		1B3193DD24BB9FB900C6C87D /* GameScene.sks */ = {isa = PBXFileReference; lastKnownFileType = file.sks; path = GameScene.sks; sourceTree = "<group>"; };
		1B3193E524BCED2600C6C87D /* PhysicsCategory.swift */ = {isa = PBXFileReference; lastKnownFileType = sourcecode.swift; path = PhysicsCategory.swift; sourceTree = "<group>"; };
		1B3193E824BCF9C200C6C87D /* basketPop.mp3 */ = {isa = PBXFileReference; lastKnownFileType = audio.mp3; path = basketPop.mp3; sourceTree = "<group>"; };
		1B3193EA24BD43C100C6C87D /* GameOverScene.swift */ = {isa = PBXFileReference; lastKnownFileType = sourcecode.swift; path = GameOverScene.swift; sourceTree = "<group>"; };
		1B3193EE24BD4D9200C6C87D /* badFruitSound.mp3 */ = {isa = PBXFileReference; lastKnownFileType = audio.mp3; path = badFruitSound.mp3; sourceTree = "<group>"; };
		1B3193F024BD4F2200C6C87D /* backgroundMusic.mp3 */ = {isa = PBXFileReference; lastKnownFileType = audio.mp3; path = backgroundMusic.mp3; sourceTree = "<group>"; };
		1B3193F224BD6F7B00C6C87D /* gameOverSound.mp3 */ = {isa = PBXFileReference; lastKnownFileType = audio.mp3; path = gameOverSound.mp3; sourceTree = "<group>"; };
		1B3193F624BE699500C6C87D /* ButtonNode.swift */ = {isa = PBXFileReference; lastKnownFileType = sourcecode.swift; path = ButtonNode.swift; sourceTree = "<group>"; };
		1BA41A9C24C108C9003EAEA4 /* Fruit.swift */ = {isa = PBXFileReference; lastKnownFileType = sourcecode.swift; path = Fruit.swift; sourceTree = "<group>"; };
/* End PBXFileReference section */

/* Begin PBXFrameworksBuildPhase section */
		1B3193A324BA67BE00C6C87D /* Frameworks */ = {
			isa = PBXFrameworksBuildPhase;
			buildActionMask = 2147483647;
			files = (
			);
			runOnlyForDeploymentPostprocessing = 0;
		};
		1B3193BD24BA67C100C6C87D /* Frameworks */ = {
			isa = PBXFrameworksBuildPhase;
			buildActionMask = 2147483647;
			files = (
			);
			runOnlyForDeploymentPostprocessing = 0;
		};
		1B3193C824BA67C100C6C87D /* Frameworks */ = {
			isa = PBXFrameworksBuildPhase;
			buildActionMask = 2147483647;
			files = (
			);
			runOnlyForDeploymentPostprocessing = 0;
		};
/* End PBXFrameworksBuildPhase section */

/* Begin PBXGroup section */
		1B31939D24BA67BE00C6C87D = {
			isa = PBXGroup;
			children = (
				1B3193A824BA67BE00C6C87D /* SweetCatch */,
				1B3193C324BA67C100C6C87D /* SweetCatchTests */,
				1B3193CE24BA67C100C6C87D /* SweetCatchUITests */,
				1B3193A724BA67BE00C6C87D /* Products */,
			);
			sourceTree = "<group>";
		};
		1B3193A724BA67BE00C6C87D /* Products */ = {
			isa = PBXGroup;
			children = (
				1B3193A624BA67BE00C6C87D /* SweetCatch.app */,
				1B3193C024BA67C100C6C87D /* SweetCatchTests.xctest */,
				1B3193CB24BA67C100C6C87D /* SweetCatchUITests.xctest */,
			);
			name = Products;
			sourceTree = "<group>";
		};
		1B3193A824BA67BE00C6C87D /* SweetCatch */ = {
			isa = PBXGroup;
			children = (
				1B3193A924BA67BE00C6C87D /* AppDelegate.swift */,
				1B3193AD24BA67BE00C6C87D /* Actions.sks */,
				1B3193DD24BB9FB900C6C87D /* GameScene.sks */,
				1B3193ED24BD4D6500C6C87D /* Sounds */,
				1B3193B624BA67C100C6C87D /* Assets.xcassets */,
				1B3193EC24BD43CA00C6C87D /* Scenes */,
				1B3193E724BCEE9300C6C87D /* Model */,
				1B3193B124BA67BE00C6C87D /* GameViewController.swift */,
				1B3193B324BA67BE00C6C87D /* Main.storyboard */,
				1B3193B824BA67C100C6C87D /* LaunchScreen.storyboard */,
				1B3193BB24BA67C100C6C87D /* Info.plist */,
			);
			path = SweetCatch;
			sourceTree = "<group>";
		};
		1B3193C324BA67C100C6C87D /* SweetCatchTests */ = {
			isa = PBXGroup;
			children = (
				1B3193C424BA67C100C6C87D /* SweetCatchTests.swift */,
				1B3193C624BA67C100C6C87D /* Info.plist */,
			);
			path = SweetCatchTests;
			sourceTree = "<group>";
		};
		1B3193CE24BA67C100C6C87D /* SweetCatchUITests */ = {
			isa = PBXGroup;
			children = (
				1B3193CF24BA67C100C6C87D /* SweetCatchUITests.swift */,
				1B3193D124BA67C100C6C87D /* Info.plist */,
			);
			path = SweetCatchUITests;
			sourceTree = "<group>";
		};
		1B3193E724BCEE9300C6C87D /* Model */ = {
			isa = PBXGroup;
			children = (
				1B3193F624BE699500C6C87D /* ButtonNode.swift */,
				1B3193E524BCED2600C6C87D /* PhysicsCategory.swift */,
				1BA41A9C24C108C9003EAEA4 /* Fruit.swift */,
			);
			path = Model;
			sourceTree = "<group>";
		};
		1B3193EC24BD43CA00C6C87D /* Scenes */ = {
			isa = PBXGroup;
			children = (
				1B3193EA24BD43C100C6C87D /* GameOverScene.swift */,
				1B3193AF24BA67BE00C6C87D /* GameScene.swift */,
			);
			path = Scenes;
			sourceTree = "<group>";
		};
		1B3193ED24BD4D6500C6C87D /* Sounds */ = {
			isa = PBXGroup;
			children = (
				1B3193F224BD6F7B00C6C87D /* gameOverSound.mp3 */,
				1B3193F024BD4F2200C6C87D /* backgroundMusic.mp3 */,
				1B3193EE24BD4D9200C6C87D /* badFruitSound.mp3 */,
				1B3193E824BCF9C200C6C87D /* basketPop.mp3 */,
			);
			path = Sounds;
			sourceTree = "<group>";
		};
/* End PBXGroup section */

/* Begin PBXNativeTarget section */
		1B3193A524BA67BE00C6C87D /* SweetCatch */ = {
			isa = PBXNativeTarget;
			buildConfigurationList = 1B3193D424BA67C100C6C87D /* Build configuration list for PBXNativeTarget "SweetCatch" */;
			buildPhases = (
				1B3193A224BA67BE00C6C87D /* Sources */,
				1B3193A324BA67BE00C6C87D /* Frameworks */,
				1B3193A424BA67BE00C6C87D /* Resources */,
			);
			buildRules = (
			);
			dependencies = (
			);
			name = SweetCatch;
			productName = SweetCatch;
			productReference = 1B3193A624BA67BE00C6C87D /* SweetCatch.app */;
			productType = "com.apple.product-type.application";
		};
		1B3193BF24BA67C100C6C87D /* SweetCatchTests */ = {
			isa = PBXNativeTarget;
			buildConfigurationList = 1B3193D724BA67C100C6C87D /* Build configuration list for PBXNativeTarget "SweetCatchTests" */;
			buildPhases = (
				1B3193BC24BA67C100C6C87D /* Sources */,
				1B3193BD24BA67C100C6C87D /* Frameworks */,
				1B3193BE24BA67C100C6C87D /* Resources */,
			);
			buildRules = (
			);
			dependencies = (
				1B3193C224BA67C100C6C87D /* PBXTargetDependency */,
			);
			name = SweetCatchTests;
			productName = SweetCatchTests;
			productReference = 1B3193C024BA67C100C6C87D /* SweetCatchTests.xctest */;
			productType = "com.apple.product-type.bundle.unit-test";
		};
		1B3193CA24BA67C100C6C87D /* SweetCatchUITests */ = {
			isa = PBXNativeTarget;
			buildConfigurationList = 1B3193DA24BA67C100C6C87D /* Build configuration list for PBXNativeTarget "SweetCatchUITests" */;
			buildPhases = (
				1B3193C724BA67C100C6C87D /* Sources */,
				1B3193C824BA67C100C6C87D /* Frameworks */,
				1B3193C924BA67C100C6C87D /* Resources */,
			);
			buildRules = (
			);
			dependencies = (
				1B3193CD24BA67C100C6C87D /* PBXTargetDependency */,
			);
			name = SweetCatchUITests;
			productName = SweetCatchUITests;
			productReference = 1B3193CB24BA67C100C6C87D /* SweetCatchUITests.xctest */;
			productType = "com.apple.product-type.bundle.ui-testing";
		};
/* End PBXNativeTarget section */

/* Begin PBXProject section */
		1B31939E24BA67BE00C6C87D /* Project object */ = {
			isa = PBXProject;
			attributes = {
				LastSwiftUpdateCheck = 1150;
				LastUpgradeCheck = 1150;
				ORGANIZATIONNAME = "Benjamin Simpson";
				TargetAttributes = {
					1B3193A524BA67BE00C6C87D = {
						CreatedOnToolsVersion = 11.5;
					};
					1B3193BF24BA67C100C6C87D = {
						CreatedOnToolsVersion = 11.5;
						TestTargetID = 1B3193A524BA67BE00C6C87D;
					};
					1B3193CA24BA67C100C6C87D = {
						CreatedOnToolsVersion = 11.5;
						TestTargetID = 1B3193A524BA67BE00C6C87D;
					};
				};
			};
			buildConfigurationList = 1B3193A124BA67BE00C6C87D /* Build configuration list for PBXProject "SweetCatch" */;
			compatibilityVersion = "Xcode 9.3";
			developmentRegion = en;
			hasScannedForEncodings = 0;
			knownRegions = (
				en,
				Base,
			);
			mainGroup = 1B31939D24BA67BE00C6C87D;
			productRefGroup = 1B3193A724BA67BE00C6C87D /* Products */;
			projectDirPath = "";
			projectRoot = "";
			targets = (
				1B3193A524BA67BE00C6C87D /* SweetCatch */,
				1B3193BF24BA67C100C6C87D /* SweetCatchTests */,
				1B3193CA24BA67C100C6C87D /* SweetCatchUITests */,
			);
		};
/* End PBXProject section */

/* Begin PBXResourcesBuildPhase section */
		1B3193A424BA67BE00C6C87D /* Resources */ = {
			isa = PBXResourcesBuildPhase;
			buildActionMask = 2147483647;
			files = (
				1B3193B524BA67BE00C6C87D /* Main.storyboard in Resources */,
				1B3193EF24BD4D9200C6C87D /* badFruitSound.mp3 in Resources */,
				1B3193F124BD4F2200C6C87D /* backgroundMusic.mp3 in Resources */,
				1B3193DE24BB9FB900C6C87D /* GameScene.sks in Resources */,
				1B3193E924BCF9C300C6C87D /* basketPop.mp3 in Resources */,
				1B3193B724BA67C100C6C87D /* Assets.xcassets in Resources */,
				1B3193F324BD6F7B00C6C87D /* gameOverSound.mp3 in Resources */,
				1B3193BA24BA67C100C6C87D /* LaunchScreen.storyboard in Resources */,
				1B3193AE24BA67BE00C6C87D /* Actions.sks in Resources */,
			);
			runOnlyForDeploymentPostprocessing = 0;
		};
		1B3193BE24BA67C100C6C87D /* Resources */ = {
			isa = PBXResourcesBuildPhase;
			buildActionMask = 2147483647;
			files = (
			);
			runOnlyForDeploymentPostprocessing = 0;
		};
		1B3193C924BA67C100C6C87D /* Resources */ = {
			isa = PBXResourcesBuildPhase;
			buildActionMask = 2147483647;
			files = (
			);
			runOnlyForDeploymentPostprocessing = 0;
		};
/* End PBXResourcesBuildPhase section */

/* Begin PBXSourcesBuildPhase section */
		1B3193A224BA67BE00C6C87D /* Sources */ = {
			isa = PBXSourcesBuildPhase;
			buildActionMask = 2147483647;
			files = (
				1B3193B024BA67BE00C6C87D /* GameScene.swift in Sources */,
				1B3193E624BCED2600C6C87D /* PhysicsCategory.swift in Sources */,
				1B3193B224BA67BE00C6C87D /* GameViewController.swift in Sources */,
				1B3193EB24BD43C100C6C87D /* GameOverScene.swift in Sources */,
				1BA41A9D24C108CA003EAEA4 /* Fruit.swift in Sources */,
				1B3193AA24BA67BE00C6C87D /* AppDelegate.swift in Sources */,
				1B3193F724BE699500C6C87D /* ButtonNode.swift in Sources */,
			);
			runOnlyForDeploymentPostprocessing = 0;
		};
		1B3193BC24BA67C100C6C87D /* Sources */ = {
			isa = PBXSourcesBuildPhase;
			buildActionMask = 2147483647;
			files = (
				1B3193C524BA67C100C6C87D /* SweetCatchTests.swift in Sources */,
			);
			runOnlyForDeploymentPostprocessing = 0;
		};
		1B3193C724BA67C100C6C87D /* Sources */ = {
			isa = PBXSourcesBuildPhase;
			buildActionMask = 2147483647;
			files = (
				1B3193D024BA67C100C6C87D /* SweetCatchUITests.swift in Sources */,
			);
			runOnlyForDeploymentPostprocessing = 0;
		};
/* End PBXSourcesBuildPhase section */

/* Begin PBXTargetDependency section */
		1B3193C224BA67C100C6C87D /* PBXTargetDependency */ = {
			isa = PBXTargetDependency;
			target = 1B3193A524BA67BE00C6C87D /* SweetCatch */;
			targetProxy = 1B3193C124BA67C100C6C87D /* PBXContainerItemProxy */;
		};
		1B3193CD24BA67C100C6C87D /* PBXTargetDependency */ = {
			isa = PBXTargetDependency;
			target = 1B3193A524BA67BE00C6C87D /* SweetCatch */;
			targetProxy = 1B3193CC24BA67C100C6C87D /* PBXContainerItemProxy */;
		};
/* End PBXTargetDependency section */

/* Begin PBXVariantGroup section */
		1B3193B324BA67BE00C6C87D /* Main.storyboard */ = {
			isa = PBXVariantGroup;
			children = (
				1B3193B424BA67BE00C6C87D /* Base */,
			);
			name = Main.storyboard;
			sourceTree = "<group>";
		};
		1B3193B824BA67C100C6C87D /* LaunchScreen.storyboard */ = {
			isa = PBXVariantGroup;
			children = (
				1B3193B924BA67C100C6C87D /* Base */,
			);
			name = LaunchScreen.storyboard;
			sourceTree = "<group>";
		};
/* End PBXVariantGroup section */

/* Begin XCBuildConfiguration section */
		1B3193D224BA67C100C6C87D /* Debug */ = {
			isa = XCBuildConfiguration;
			buildSettings = {
				ALWAYS_SEARCH_USER_PATHS = NO;
				CLANG_ANALYZER_NONNULL = YES;
				CLANG_ANALYZER_NUMBER_OBJECT_CONVERSION = YES_AGGRESSIVE;
				CLANG_CXX_LANGUAGE_STANDARD = "gnu++14";
				CLANG_CXX_LIBRARY = "libc++";
				CLANG_ENABLE_MODULES = YES;
				CLANG_ENABLE_OBJC_ARC = YES;
				CLANG_ENABLE_OBJC_WEAK = YES;
				CLANG_WARN_BLOCK_CAPTURE_AUTORELEASING = YES;
				CLANG_WARN_BOOL_CONVERSION = YES;
				CLANG_WARN_COMMA = YES;
				CLANG_WARN_CONSTANT_CONVERSION = YES;
				CLANG_WARN_DEPRECATED_OBJC_IMPLEMENTATIONS = YES;
				CLANG_WARN_DIRECT_OBJC_ISA_USAGE = YES_ERROR;
				CLANG_WARN_DOCUMENTATION_COMMENTS = YES;
				CLANG_WARN_EMPTY_BODY = YES;
				CLANG_WARN_ENUM_CONVERSION = YES;
				CLANG_WARN_INFINITE_RECURSION = YES;
				CLANG_WARN_INT_CONVERSION = YES;
				CLANG_WARN_NON_LITERAL_NULL_CONVERSION = YES;
				CLANG_WARN_OBJC_IMPLICIT_RETAIN_SELF = YES;
				CLANG_WARN_OBJC_LITERAL_CONVERSION = YES;
				CLANG_WARN_OBJC_ROOT_CLASS = YES_ERROR;
				CLANG_WARN_RANGE_LOOP_ANALYSIS = YES;
				CLANG_WARN_STRICT_PROTOTYPES = YES;
				CLANG_WARN_SUSPICIOUS_MOVE = YES;
				CLANG_WARN_UNGUARDED_AVAILABILITY = YES_AGGRESSIVE;
				CLANG_WARN_UNREACHABLE_CODE = YES;
				CLANG_WARN__DUPLICATE_METHOD_MATCH = YES;
				COPY_PHASE_STRIP = NO;
				DEBUG_INFORMATION_FORMAT = dwarf;
				ENABLE_STRICT_OBJC_MSGSEND = YES;
				ENABLE_TESTABILITY = YES;
				GCC_C_LANGUAGE_STANDARD = gnu11;
				GCC_DYNAMIC_NO_PIC = NO;
				GCC_NO_COMMON_BLOCKS = YES;
				GCC_OPTIMIZATION_LEVEL = 0;
				GCC_PREPROCESSOR_DEFINITIONS = (
					"DEBUG=1",
					"$(inherited)",
				);
				GCC_WARN_64_TO_32_BIT_CONVERSION = YES;
				GCC_WARN_ABOUT_RETURN_TYPE = YES_ERROR;
				GCC_WARN_UNDECLARED_SELECTOR = YES;
				GCC_WARN_UNINITIALIZED_AUTOS = YES_AGGRESSIVE;
				GCC_WARN_UNUSED_FUNCTION = YES;
				GCC_WARN_UNUSED_VARIABLE = YES;
				IPHONEOS_DEPLOYMENT_TARGET = 13.5;
				MTL_ENABLE_DEBUG_INFO = INCLUDE_SOURCE;
				MTL_FAST_MATH = YES;
				ONLY_ACTIVE_ARCH = YES;
				SDKROOT = iphoneos;
				SWIFT_ACTIVE_COMPILATION_CONDITIONS = DEBUG;
				SWIFT_OPTIMIZATION_LEVEL = "-Onone";
			};
			name = Debug;
		};
		1B3193D324BA67C100C6C87D /* Release */ = {
			isa = XCBuildConfiguration;
			buildSettings = {
				ALWAYS_SEARCH_USER_PATHS = NO;
				CLANG_ANALYZER_NONNULL = YES;
				CLANG_ANALYZER_NUMBER_OBJECT_CONVERSION = YES_AGGRESSIVE;
				CLANG_CXX_LANGUAGE_STANDARD = "gnu++14";
				CLANG_CXX_LIBRARY = "libc++";
				CLANG_ENABLE_MODULES = YES;
				CLANG_ENABLE_OBJC_ARC = YES;
				CLANG_ENABLE_OBJC_WEAK = YES;
				CLANG_WARN_BLOCK_CAPTURE_AUTORELEASING = YES;
				CLANG_WARN_BOOL_CONVERSION = YES;
				CLANG_WARN_COMMA = YES;
				CLANG_WARN_CONSTANT_CONVERSION = YES;
				CLANG_WARN_DEPRECATED_OBJC_IMPLEMENTATIONS = YES;
				CLANG_WARN_DIRECT_OBJC_ISA_USAGE = YES_ERROR;
				CLANG_WARN_DOCUMENTATION_COMMENTS = YES;
				CLANG_WARN_EMPTY_BODY = YES;
				CLANG_WARN_ENUM_CONVERSION = YES;
				CLANG_WARN_INFINITE_RECURSION = YES;
				CLANG_WARN_INT_CONVERSION = YES;
				CLANG_WARN_NON_LITERAL_NULL_CONVERSION = YES;
				CLANG_WARN_OBJC_IMPLICIT_RETAIN_SELF = YES;
				CLANG_WARN_OBJC_LITERAL_CONVERSION = YES;
				CLANG_WARN_OBJC_ROOT_CLASS = YES_ERROR;
				CLANG_WARN_RANGE_LOOP_ANALYSIS = YES;
				CLANG_WARN_STRICT_PROTOTYPES = YES;
				CLANG_WARN_SUSPICIOUS_MOVE = YES;
				CLANG_WARN_UNGUARDED_AVAILABILITY = YES_AGGRESSIVE;
				CLANG_WARN_UNREACHABLE_CODE = YES;
				CLANG_WARN__DUPLICATE_METHOD_MATCH = YES;
				COPY_PHASE_STRIP = NO;
				DEBUG_INFORMATION_FORMAT = "dwarf-with-dsym";
				ENABLE_NS_ASSERTIONS = NO;
				ENABLE_STRICT_OBJC_MSGSEND = YES;
				GCC_C_LANGUAGE_STANDARD = gnu11;
				GCC_NO_COMMON_BLOCKS = YES;
				GCC_WARN_64_TO_32_BIT_CONVERSION = YES;
				GCC_WARN_ABOUT_RETURN_TYPE = YES_ERROR;
				GCC_WARN_UNDECLARED_SELECTOR = YES;
				GCC_WARN_UNINITIALIZED_AUTOS = YES_AGGRESSIVE;
				GCC_WARN_UNUSED_FUNCTION = YES;
				GCC_WARN_UNUSED_VARIABLE = YES;
				IPHONEOS_DEPLOYMENT_TARGET = 13.5;
				MTL_ENABLE_DEBUG_INFO = NO;
				MTL_FAST_MATH = YES;
				SDKROOT = iphoneos;
				SWIFT_COMPILATION_MODE = wholemodule;
				SWIFT_OPTIMIZATION_LEVEL = "-O";
				VALIDATE_PRODUCT = YES;
			};
			name = Release;
		};
		1B3193D524BA67C100C6C87D /* Debug */ = {
			isa = XCBuildConfiguration;
			buildSettings = {
				ASSETCATALOG_COMPILER_APPICON_NAME = AppIcon;
				CODE_SIGN_STYLE = Automatic;
				DEVELOPMENT_TEAM = 4KT624V79W;
				INFOPLIST_FILE = SweetCatch/Info.plist;
				LD_RUNPATH_SEARCH_PATHS = (
					"$(inherited)",
					"@executable_path/Frameworks",
				);
				PRODUCT_BUNDLE_IDENTIFIER = com.makeschool.SweetCatch;
				PRODUCT_NAME = "$(TARGET_NAME)";
				SWIFT_VERSION = 5.0;
				TARGETED_DEVICE_FAMILY = "1,2";
			};
			name = Debug;
		};
		1B3193D624BA67C100C6C87D /* Release */ = {
			isa = XCBuildConfiguration;
			buildSettings = {
				ASSETCATALOG_COMPILER_APPICON_NAME = AppIcon;
				CODE_SIGN_STYLE = Automatic;
				DEVELOPMENT_TEAM = 4KT624V79W;
				INFOPLIST_FILE = SweetCatch/Info.plist;
				LD_RUNPATH_SEARCH_PATHS = (
					"$(inherited)",
					"@executable_path/Frameworks",
				);
				PRODUCT_BUNDLE_IDENTIFIER = com.makeschool.SweetCatch;
				PRODUCT_NAME = "$(TARGET_NAME)";
				SWIFT_VERSION = 5.0;
				TARGETED_DEVICE_FAMILY = "1,2";
			};
			name = Release;
		};
		1B3193D824BA67C100C6C87D /* Debug */ = {
			isa = XCBuildConfiguration;
			buildSettings = {
				ALWAYS_EMBED_SWIFT_STANDARD_LIBRARIES = YES;
				BUNDLE_LOADER = "$(TEST_HOST)";
				CODE_SIGN_STYLE = Automatic;
				DEVELOPMENT_TEAM = 4KT624V79W;
				INFOPLIST_FILE = SweetCatchTests/Info.plist;
				IPHONEOS_DEPLOYMENT_TARGET = 13.5;
				LD_RUNPATH_SEARCH_PATHS = (
					"$(inherited)",
					"@executable_path/Frameworks",
					"@loader_path/Frameworks",
				);
				PRODUCT_BUNDLE_IDENTIFIER = com.makeschool.SweetCatchTests;
				PRODUCT_NAME = "$(TARGET_NAME)";
				SWIFT_VERSION = 5.0;
				TARGETED_DEVICE_FAMILY = "1,2";
				TEST_HOST = "$(BUILT_PRODUCTS_DIR)/SweetCatch.app/SweetCatch";
			};
			name = Debug;
		};
		1B3193D924BA67C100C6C87D /* Release */ = {
			isa = XCBuildConfiguration;
			buildSettings = {
				ALWAYS_EMBED_SWIFT_STANDARD_LIBRARIES = YES;
				BUNDLE_LOADER = "$(TEST_HOST)";
				CODE_SIGN_STYLE = Automatic;
				DEVELOPMENT_TEAM = 4KT624V79W;
				INFOPLIST_FILE = SweetCatchTests/Info.plist;
				IPHONEOS_DEPLOYMENT_TARGET = 13.5;
				LD_RUNPATH_SEARCH_PATHS = (
					"$(inherited)",
					"@executable_path/Frameworks",
					"@loader_path/Frameworks",
				);
				PRODUCT_BUNDLE_IDENTIFIER = com.makeschool.SweetCatchTests;
				PRODUCT_NAME = "$(TARGET_NAME)";
				SWIFT_VERSION = 5.0;
				TARGETED_DEVICE_FAMILY = "1,2";
				TEST_HOST = "$(BUILT_PRODUCTS_DIR)/SweetCatch.app/SweetCatch";
			};
			name = Release;
		};
		1B3193DB24BA67C100C6C87D /* Debug */ = {
			isa = XCBuildConfiguration;
			buildSettings = {
				ALWAYS_EMBED_SWIFT_STANDARD_LIBRARIES = YES;
				CODE_SIGN_STYLE = Automatic;
				DEVELOPMENT_TEAM = 4KT624V79W;
				INFOPLIST_FILE = SweetCatchUITests/Info.plist;
				LD_RUNPATH_SEARCH_PATHS = (
					"$(inherited)",
					"@executable_path/Frameworks",
					"@loader_path/Frameworks",
				);
				PRODUCT_BUNDLE_IDENTIFIER = com.makeschool.SweetCatchUITests;
				PRODUCT_NAME = "$(TARGET_NAME)";
				SWIFT_VERSION = 5.0;
				TARGETED_DEVICE_FAMILY = "1,2";
				TEST_TARGET_NAME = SweetCatch;
			};
			name = Debug;
		};
		1B3193DC24BA67C100C6C87D /* Release */ = {
			isa = XCBuildConfiguration;
			buildSettings = {
				ALWAYS_EMBED_SWIFT_STANDARD_LIBRARIES = YES;
				CODE_SIGN_STYLE = Automatic;
				DEVELOPMENT_TEAM = 4KT624V79W;
				INFOPLIST_FILE = SweetCatchUITests/Info.plist;
				LD_RUNPATH_SEARCH_PATHS = (
					"$(inherited)",
					"@executable_path/Frameworks",
					"@loader_path/Frameworks",
				);
				PRODUCT_BUNDLE_IDENTIFIER = com.makeschool.SweetCatchUITests;
				PRODUCT_NAME = "$(TARGET_NAME)";
				SWIFT_VERSION = 5.0;
				TARGETED_DEVICE_FAMILY = "1,2";
				TEST_TARGET_NAME = SweetCatch;
			};
			name = Release;
		};
/* End XCBuildConfiguration section */

/* Begin XCConfigurationList section */
		1B3193A124BA67BE00C6C87D /* Build configuration list for PBXProject "SweetCatch" */ = {
			isa = XCConfigurationList;
			buildConfigurations = (
				1B3193D224BA67C100C6C87D /* Debug */,
				1B3193D324BA67C100C6C87D /* Release */,
			);
			defaultConfigurationIsVisible = 0;
			defaultConfigurationName = Release;
		};
		1B3193D424BA67C100C6C87D /* Build configuration list for PBXNativeTarget "SweetCatch" */ = {
			isa = XCConfigurationList;
			buildConfigurations = (
				1B3193D524BA67C100C6C87D /* Debug */,
				1B3193D624BA67C100C6C87D /* Release */,
			);
			defaultConfigurationIsVisible = 0;
			defaultConfigurationName = Release;
		};
		1B3193D724BA67C100C6C87D /* Build configuration list for PBXNativeTarget "SweetCatchTests" */ = {
			isa = XCConfigurationList;
			buildConfigurations = (
				1B3193D824BA67C100C6C87D /* Debug */,
				1B3193D924BA67C100C6C87D /* Release */,
			);
			defaultConfigurationIsVisible = 0;
			defaultConfigurationName = Release;
		};
		1B3193DA24BA67C100C6C87D /* Build configuration list for PBXNativeTarget "SweetCatchUITests" */ = {
			isa = XCConfigurationList;
			buildConfigurations = (
				1B3193DB24BA67C100C6C87D /* Debug */,
				1B3193DC24BA67C100C6C87D /* Release */,
			);
			defaultConfigurationIsVisible = 0;
			defaultConfigurationName = Release;
		};
/* End XCConfigurationList section */
	};
	rootObject = 1B31939E24BA67BE00C6C87D /* Project object */;
}
